{
  "version": 4,
  "terraform_version": "1.3.5",
  "serial": 156,
  "lineage": "1afae4a6-8530-7c2a-e349-247221c47eec",
  "outputs": {
    "bootstrap_brokers_tls": {
      "value": "b-1.example.nmnh79.c2.kafka.ap-northeast-1.amazonaws.com:9094,b-2.example.nmnh79.c2.kafka.ap-northeast-1.amazonaws.com:9094,b-3.example.nmnh79.c2.kafka.ap-northeast-1.amazonaws.com:9094",
      "type": "string"
    },
    "zookeeper_connect_string": {
      "value": "z-1.example.nmnh79.c2.kafka.ap-northeast-1.amazonaws.com:2181,z-2.example.nmnh79.c2.kafka.ap-northeast-1.amazonaws.com:2181,z-3.example.nmnh79.c2.kafka.ap-northeast-1.amazonaws.com:2181",
      "type": "string"
    }
  },
  "resources": [
    {
      "mode": "managed",
      "type": "aws_cloudformation_stack",
      "name": "network",
      "provider": "provider[\"registry.terraform.io/hashicorp/aws\"]",
      "instances": [
        {
          "schema_version": 0,
          "attributes": {
            "capabilities": null,
            "disable_rollback": false,
            "iam_role_arn": "",
            "id": "arn:aws:cloudformation:ap-northeast-1:699483428372:stack/networking-stack/6cdee3c0-7137-11ed-9354-0e34a386c44b",
            "name": "networking-stack",
            "notification_arns": null,
            "on_failure": null,
            "outputs": {
              "MyVpc": "vpc-00fe0ec5b2f900d30",
              "Securitygroup1": "sg-0ea97cb00b48f8fe3",
              "Securitygroup2": "sg-0a3accb8989bb8e7c",
              "Securitygroup3": "sg-0007b530c204d053a",
              "Subnet1": "subnet-0a4d9c9ba55d3dea8",
              "Subnet2": "subnet-0f4b00003658318df",
              "Subnet3": "subnet-0e2c103b347bfed13"
            },
            "parameters": {},
            "policy_body": null,
            "policy_url": null,
            "tags": {},
            "tags_all": {},
            "template_body": "{\"Outputs\":{\"MyVpc\":{\"Export\":{\"Name\":\"Vpc\"},\"Value\":{\"Ref\":\"MyVpc\"}},\"Securitygroup1\":{\"Export\":{\"Name\":\"Securitygroup1\"},\"Value\":{\"Ref\":\"Securitygroup1\"}},\"Securitygroup2\":{\"Export\":{\"Name\":\"Securitygroup2\"},\"Value\":{\"Ref\":\"Securitygroup2\"}},\"Securitygroup3\":{\"Export\":{\"Name\":\"Securitygroup3\"},\"Value\":{\"Ref\":\"Securitygroup3\"}},\"Subnet1\":{\"Export\":{\"Name\":\"Subnet1\"},\"Value\":{\"Ref\":\"Subnet1\"}},\"Subnet2\":{\"Export\":{\"Name\":\"Subnet2\"},\"Value\":{\"Ref\":\"Subnet2\"}},\"Subnet3\":{\"Export\":{\"Name\":\"Subnet3\"},\"Value\":{\"Ref\":\"Subnet3\"}}},\"Resources\":{\"MyVpc\":{\"Properties\":{\"CidrBlock\":\"10.0.0.0/16\"},\"Type\":\"AWS::EC2::VPC\"},\"Securitygroup1\":{\"Properties\":{\"GroupDescription\":\"Securitygroup 1\",\"SecurityGroupIngress\":[{\"CidrIp\":\"10.0.0.0/24\",\"FromPort\":22,\"IpProtocol\":\"tcp\",\"ToPort\":22},{\"CidrIp\":\"10.0.0.0/24\",\"FromPort\":8,\"IpProtocol\":\"icmp\",\"ToPort\":-1}],\"VpcId\":{\"Ref\":\"MyVpc\"}},\"Type\":\"AWS::EC2::SecurityGroup\"},\"Securitygroup2\":{\"Properties\":{\"GroupDescription\":\"Securitygroup 2\",\"SecurityGroupIngress\":[{\"CidrIp\":\"10.0.0.0/24\",\"FromPort\":22,\"IpProtocol\":\"tcp\",\"ToPort\":22},{\"CidrIp\":\"10.0.0.0/24\",\"FromPort\":8,\"IpProtocol\":\"icmp\",\"ToPort\":-1}],\"VpcId\":{\"Ref\":\"MyVpc\"}},\"Type\":\"AWS::EC2::SecurityGroup\"},\"Securitygroup3\":{\"Properties\":{\"GroupDescription\":\"Securitygroup 2\",\"SecurityGroupIngress\":[{\"CidrIp\":\"10.0.0.0/24\",\"FromPort\":22,\"IpProtocol\":\"tcp\",\"ToPort\":22},{\"CidrIp\":\"10.0.0.0/24\",\"FromPort\":8,\"IpProtocol\":\"icmp\",\"ToPort\":-1}],\"VpcId\":{\"Ref\":\"MyVpc\"}},\"Type\":\"AWS::EC2::SecurityGroup\"},\"Subnet1\":{\"Properties\":{\"AvailabilityZone\":\"ap-northeast-1a\",\"CidrBlock\":\"10.0.0.0/24\",\"VpcId\":{\"Ref\":\"MyVpc\"}},\"Type\":\"AWS::EC2::Subnet\"},\"Subnet2\":{\"Properties\":{\"AvailabilityZone\":\"ap-northeast-1c\",\"CidrBlock\":\"10.0.1.0/24\",\"VpcId\":{\"Ref\":\"MyVpc\"}},\"Type\":\"AWS::EC2::Subnet\"},\"Subnet3\":{\"Properties\":{\"AvailabilityZone\":\"ap-northeast-1d\",\"CidrBlock\":\"10.0.2.0/24\",\"VpcId\":{\"Ref\":\"MyVpc\"}},\"Type\":\"AWS::EC2::Subnet\"}}}",
            "template_url": null,
            "timeout_in_minutes": 0,
            "timeouts": null
          },
          "sensitive_attributes": [],
          "private": "eyJlMmJmYjczMC1lY2FhLTExZTYtOGY4OC0zNDM2M2JjN2M0YzAiOnsiY3JlYXRlIjoxODAwMDAwMDAwMDAwLCJkZWxldGUiOjE4MDAwMDAwMDAwMDAsInVwZGF0ZSI6MTgwMDAwMDAwMDAwMH19",
          "create_before_destroy": true
        }
      ]
    },
    {
      "mode": "managed",
      "type": "aws_iam_role",
      "name": "eks-iam-role",
      "provider": "provider[\"registry.terraform.io/hashicorp/aws\"]",
      "instances": [
        {
          "schema_version": 0,
          "attributes": {
            "arn": "arn:aws:iam::699483428372:role/devopsthehardway-eks-iam-role",
            "assume_role_policy": "{\"Statement\":[{\"Action\":\"sts:AssumeRole\",\"Effect\":\"Allow\",\"Principal\":{\"Service\":\"eks.amazonaws.com\"}}],\"Version\":\"2012-10-17\"}",
            "create_date": "2022-12-02T06:31:26Z",
            "description": "",
            "force_detach_policies": false,
            "id": "devopsthehardway-eks-iam-role",
            "inline_policy": [],
            "managed_policy_arns": [],
            "max_session_duration": 3600,
            "name": "devopsthehardway-eks-iam-role",
            "name_prefix": "",
            "path": "/",
            "permissions_boundary": null,
            "tags": null,
            "tags_all": {},
            "unique_id": "AROA2FXDWCYKGDM3XGGBF"
          },
          "sensitive_attributes": [],
          "private": "bnVsbA=="
        }
      ]
    },
    {
      "mode": "managed",
      "type": "aws_iam_role",
      "name": "workernodes",
      "provider": "provider[\"registry.terraform.io/hashicorp/aws\"]",
      "instances": [
        {
          "schema_version": 0,
          "attributes": {
            "arn": "arn:aws:iam::699483428372:role/eks-node-group-example",
            "assume_role_policy": "{\"Statement\":[{\"Action\":\"sts:AssumeRole\",\"Effect\":\"Allow\",\"Principal\":{\"Service\":\"ec2.amazonaws.com\"}}],\"Version\":\"2012-10-17\"}",
            "create_date": "2022-12-02T06:31:26Z",
            "description": "",
            "force_detach_policies": false,
            "id": "eks-node-group-example",
            "inline_policy": [],
            "managed_policy_arns": [],
            "max_session_duration": 3600,
            "name": "eks-node-group-example",
            "name_prefix": "",
            "path": "/",
            "permissions_boundary": null,
            "tags": null,
            "tags_all": {},
            "unique_id": "AROA2FXDWCYKDXVIL4NPZ"
          },
          "sensitive_attributes": [],
          "private": "bnVsbA=="
        }
      ]
    },
    {
      "mode": "managed",
      "type": "aws_iam_role_policy_attachment",
      "name": "AmazonEC2ContainerRegistryReadOnly",
      "provider": "provider[\"registry.terraform.io/hashicorp/aws\"]",
      "instances": [
        {
          "schema_version": 0,
          "attributes": {
            "id": "eks-node-group-example-20221202063130962800000007",
            "policy_arn": "arn:aws:iam::aws:policy/AmazonEC2ContainerRegistryReadOnly",
            "role": "eks-node-group-example"
          },
          "sensitive_attributes": [],
          "private": "bnVsbA==",
          "dependencies": [
            "aws_iam_role.workernodes"
          ]
        }
      ]
    },
    {
      "mode": "managed",
      "type": "aws_iam_role_policy_attachment",
      "name": "AmazonEC2ContainerRegistryReadOnly-EKS",
      "provider": "provider[\"registry.terraform.io/hashicorp/aws\"]",
      "instances": [
        {
          "schema_version": 0,
          "attributes": {
            "id": "devopsthehardway-eks-iam-role-20221202063131582200000009",
            "policy_arn": "arn:aws:iam::aws:policy/AmazonEC2ContainerRegistryReadOnly",
            "role": "devopsthehardway-eks-iam-role"
          },
          "sensitive_attributes": [],
          "private": "bnVsbA==",
          "dependencies": [
            "aws_iam_role.eks-iam-role"
          ]
        }
      ]
    },
    {
      "mode": "managed",
      "type": "aws_iam_role_policy_attachment",
      "name": "AmazonEKSClusterPolicy",
      "provider": "provider[\"registry.terraform.io/hashicorp/aws\"]",
      "instances": [
        {
          "schema_version": 0,
          "attributes": {
            "id": "devopsthehardway-eks-iam-role-20221202063131272800000008",
            "policy_arn": "arn:aws:iam::aws:policy/AmazonEKSClusterPolicy",
            "role": "devopsthehardway-eks-iam-role"
          },
          "sensitive_attributes": [],
          "private": "bnVsbA==",
          "dependencies": [
            "aws_iam_role.eks-iam-role"
          ]
        }
      ]
    },
    {
      "mode": "managed",
      "type": "aws_iam_role_policy_attachment",
      "name": "AmazonEKSWorkerNodePolicy",
      "provider": "provider[\"registry.terraform.io/hashicorp/aws\"]",
      "instances": [
        {
          "schema_version": 0,
          "attributes": {
            "id": "eks-node-group-example-20221202063130351700000005",
            "policy_arn": "arn:aws:iam::aws:policy/AmazonEKSWorkerNodePolicy",
            "role": "eks-node-group-example"
          },
          "sensitive_attributes": [],
          "private": "bnVsbA==",
          "dependencies": [
            "aws_iam_role.workernodes"
          ]
        }
      ]
    },
    {
      "mode": "managed",
      "type": "aws_iam_role_policy_attachment",
      "name": "AmazonEKS_CNI_Policy",
      "provider": "provider[\"registry.terraform.io/hashicorp/aws\"]",
      "instances": [
        {
          "schema_version": 0,
          "attributes": {
            "id": "eks-node-group-example-20221202063129662800000004",
            "policy_arn": "arn:aws:iam::aws:policy/AmazonEKS_CNI_Policy",
            "role": "eks-node-group-example"
          },
          "sensitive_attributes": [],
          "private": "bnVsbA==",
          "dependencies": [
            "aws_iam_role.workernodes"
          ]
        }
      ]
    },
    {
      "mode": "managed",
      "type": "aws_iam_role_policy_attachment",
      "name": "EC2InstanceProfileForImageBuilderECRContainerBuilds",
      "provider": "provider[\"registry.terraform.io/hashicorp/aws\"]",
      "instances": [
        {
          "schema_version": 0,
          "attributes": {
            "id": "eks-node-group-example-20221202063130690100000006",
            "policy_arn": "arn:aws:iam::aws:policy/EC2InstanceProfileForImageBuilderECRContainerBuilds",
            "role": "eks-node-group-example"
          },
          "sensitive_attributes": [],
          "private": "bnVsbA==",
          "dependencies": [
            "aws_iam_role.workernodes"
          ]
        }
      ]
    },
    {
      "mode": "managed",
      "type": "aws_msk_cluster",
      "name": "example",
      "provider": "provider[\"registry.terraform.io/hashicorp/aws\"]",
      "instances": [
        {
          "schema_version": 0,
          "attributes": {
            "arn": "arn:aws:kafka:ap-northeast-1:699483428372:cluster/example/4290d696-eb05-4b4a-846a-62a9946d16ca-2",
            "bootstrap_brokers": "",
            "bootstrap_brokers_public_sasl_iam": "",
            "bootstrap_brokers_public_sasl_scram": "",
            "bootstrap_brokers_public_tls": "",
            "bootstrap_brokers_sasl_iam": "",
            "bootstrap_brokers_sasl_scram": "",
            "bootstrap_brokers_tls": "b-1.example.nmnh79.c2.kafka.ap-northeast-1.amazonaws.com:9094,b-2.example.nmnh79.c2.kafka.ap-northeast-1.amazonaws.com:9094,b-3.example.nmnh79.c2.kafka.ap-northeast-1.amazonaws.com:9094",
            "broker_node_group_info": [
              {
                "az_distribution": "DEFAULT",
                "client_subnets": [
                  "subnet-0a4d9c9ba55d3dea8",
                  "subnet-0e2c103b347bfed13",
                  "subnet-0f4b00003658318df"
                ],
                "connectivity_info": [
                  {
                    "public_access": [
                      {
                        "type": "DISABLED"
                      }
                    ]
                  }
                ],
                "ebs_volume_size": 1000,
                "instance_type": "kafka.t3.small",
                "security_groups": [
                  "sg-0a3accb8989bb8e7c",
                  "sg-0ea97cb00b48f8fe3"
                ],
                "storage_info": [
                  {
                    "ebs_storage_info": [
                      {
                        "provisioned_throughput": [],
                        "volume_size": 1000
                      }
                    ]
                  }
                ]
              }
            ],
            "client_authentication": [],
            "cluster_name": "example",
            "configuration_info": [
              {
                "arn": null,
                "revision": null
              }
            ],
            "current_version": "K3AEGXETSR30VB",
            "encryption_info": [
              {
                "encryption_at_rest_kms_key_arn": "arn:aws:kms:ap-northeast-1:699483428372:key/f3fe7d4f-159b-42b1-b780-9749b9d50852",
                "encryption_in_transit": [
                  {
                    "client_broker": "TLS",
                    "in_cluster": true
                  }
                ]
              }
            ],
            "enhanced_monitoring": "DEFAULT",
            "id": "arn:aws:kafka:ap-northeast-1:699483428372:cluster/example/4290d696-eb05-4b4a-846a-62a9946d16ca-2",
            "kafka_version": "3.3.1",
            "logging_info": [],
            "number_of_broker_nodes": 3,
            "open_monitoring": [
              {
                "prometheus": [
                  {
                    "jmx_exporter": [
                      {
                        "enabled_in_broker": false
                      }
                    ],
                    "node_exporter": [
                      {
                        "enabled_in_broker": false
                      }
                    ]
                  }
                ]
              }
            ],
            "storage_mode": "LOCAL",
            "tags": null,
            "tags_all": {},
            "timeouts": null,
            "zookeeper_connect_string": "z-1.example.nmnh79.c2.kafka.ap-northeast-1.amazonaws.com:2181,z-2.example.nmnh79.c2.kafka.ap-northeast-1.amazonaws.com:2181,z-3.example.nmnh79.c2.kafka.ap-northeast-1.amazonaws.com:2181",
            "zookeeper_connect_string_tls": "z-1.example.nmnh79.c2.kafka.ap-northeast-1.amazonaws.com:2182,z-2.example.nmnh79.c2.kafka.ap-northeast-1.amazonaws.com:2182,z-3.example.nmnh79.c2.kafka.ap-northeast-1.amazonaws.com:2182"
          },
          "sensitive_attributes": [],
          "private": "eyJlMmJmYjczMC1lY2FhLTExZTYtOGY4OC0zNDM2M2JjN2M0YzAiOnsiY3JlYXRlIjo3MjAwMDAwMDAwMDAwLCJkZWxldGUiOjcyMDAwMDAwMDAwMDAsInVwZGF0ZSI6NzIwMDAwMDAwMDAwMH19",
          "dependencies": [
            "aws_cloudformation_stack.network"
          ]
        }
      ]
    },
    {
      "module": "module.eks",
      "mode": "data",
      "type": "aws_caller_identity",
      "name": "current",
      "provider": "provider[\"registry.terraform.io/hashicorp/aws\"]",
      "instances": [
        {
          "schema_version": 0,
          "attributes": {
            "account_id": "699483428372",
            "arn": "arn:aws:iam::699483428372:root",
            "id": "699483428372",
            "user_id": "699483428372"
          },
          "sensitive_attributes": []
        }
      ]
    },
    {
      "module": "module.eks",
      "mode": "data",
      "type": "aws_iam_policy_document",
      "name": "assume_role_policy",
      "provider": "provider[\"registry.terraform.io/hashicorp/aws\"]",
      "instances": [
        {
          "index_key": 0,
          "schema_version": 0,
          "attributes": {
            "id": "2764486067",
            "json": "{\n  \"Version\": \"2012-10-17\",\n  \"Statement\": [\n    {\n      \"Sid\": \"EKSClusterAssumeRole\",\n      \"Effect\": \"Allow\",\n      \"Action\": \"sts:AssumeRole\",\n      \"Principal\": {\n        \"Service\": \"eks.amazonaws.com\"\n      }\n    }\n  ]\n}",
            "override_json": null,
            "override_policy_documents": null,
            "policy_id": null,
            "source_json": null,
            "source_policy_documents": null,
            "statement": [
              {
                "actions": [
                  "sts:AssumeRole"
                ],
                "condition": [],
                "effect": "Allow",
                "not_actions": [],
                "not_principals": [],
                "not_resources": [],
                "principals": [
                  {
                    "identifiers": [
                      "eks.amazonaws.com"
                    ],
                    "type": "Service"
                  }
                ],
                "resources": [],
                "sid": "EKSClusterAssumeRole"
              }
            ],
            "version": "2012-10-17"
          },
          "sensitive_attributes": []
        }
      ]
    },
    {
      "module": "module.eks",
      "mode": "data",
      "type": "aws_partition",
      "name": "current",
      "provider": "provider[\"registry.terraform.io/hashicorp/aws\"]",
      "instances": [
        {
          "schema_version": 0,
          "attributes": {
            "dns_suffix": "amazonaws.com",
            "id": "aws",
            "partition": "aws",
            "reverse_dns_prefix": "com.amazonaws"
          },
          "sensitive_attributes": []
        }
      ]
    },
    {
      "module": "module.eks",
      "mode": "data",
      "type": "tls_certificate",
      "name": "this",
      "provider": "provider[\"registry.terraform.io/hashicorp/tls\"]",
      "instances": [
        {
          "index_key": 0,
          "schema_version": 0,
          "attributes": {
            "certificates": [
              {
                "cert_pem": "-----BEGIN CERTIFICATE-----\nMIIEdTCCA12gAwIBAgIJAKcOSkw0grd/MA0GCSqGSIb3DQEBCwUAMGgxCzAJBgNV\nBAYTAlVTMSUwIwYDVQQKExxTdGFyZmllbGQgVGVjaG5vbG9naWVzLCBJbmMuMTIw\nMAYDVQQLEylTdGFyZmllbGQgQ2xhc3MgMiBDZXJ0aWZpY2F0aW9uIEF1dGhvcml0\neTAeFw0wOTA5MDIwMDAwMDBaFw0zNDA2MjgxNzM5MTZaMIGYMQswCQYDVQQGEwJV\nUzEQMA4GA1UECBMHQXJpem9uYTETMBEGA1UEBxMKU2NvdHRzZGFsZTElMCMGA1UE\nChMcU3RhcmZpZWxkIFRlY2hub2xvZ2llcywgSW5jLjE7MDkGA1UEAxMyU3RhcmZp\nZWxkIFNlcnZpY2VzIFJvb3QgQ2VydGlmaWNhdGUgQXV0aG9yaXR5IC0gRzIwggEi\nMA0GCSqGSIb3DQEBAQUAA4IBDwAwggEKAoIBAQDVDDrEKvlO4vW+GZdfjohTsR8/\ny8+fIBNtKTrID30892t2OGPZNmCom15cAICyL1l/9of5JUOG52kbUpqQ4XHj2C0N\nTm/2yEnZtvMaVq4rtnQU68/7JuMauh2WLmo7WJSJR1b/JaCTcFOD2oR0FMNnngRo\nOt+OQFodSk7PQ5E751bWAHDLUu57fa4657wx+UX2wmDPE1kCK4DMNEffud6QZW0C\nzyyRpqbn3oUYSXxmTqM6bam17jQuug0DuDPfR+uxa40l2ZvOgdFFRjKWcIfeAg5J\nQ4W2bHO7ZOphQazJ1FTfhy/HIrImzJ9ZVGif/L4qL8RVHHVAYBeFAlU5i38FAgMB\nAAGjgfAwge0wDwYDVR0TAQH/BAUwAwEB/zAOBgNVHQ8BAf8EBAMCAYYwHQYDVR0O\nBBYEFJxfAN+qAdcwKziIorhtSpzyEZGDMB8GA1UdIwQYMBaAFL9ft9HO3R+G9FtV\nrNzXEMIOqYjnME8GCCsGAQUFBwEBBEMwQTAcBggrBgEFBQcwAYYQaHR0cDovL28u\nc3MyLnVzLzAhBggrBgEFBQcwAoYVaHR0cDovL3guc3MyLnVzL3guY2VyMCYGA1Ud\nHwQfMB0wG6AZoBeGFWh0dHA6Ly9zLnNzMi51cy9yLmNybDARBgNVHSAECjAIMAYG\nBFUdIAAwDQYJKoZIhvcNAQELBQADggEBACMd44pXyn3pF3lM8R5V/cxTbj5HD9/G\nVfKyBDbtgB9TxF00KGu+x1X8Z+rLP3+QsjPNG1gQggL4+C/1E2DUBc7xgQjB3ad1\nl08YuW3e95ORCLp+QCztweq7dp4zBncdDQh/U90bZKuCJ/Fp1U1ervShw3WnWEQt\n8jxwmKy6abaVd38PMV4s/KCHOkdp8Hlf9BRUpJVeEXgSYCfOn8J3/yNTd126/+pZ\n59vPr5KW7ySaNRB6nJHGDn2Z9j8Z3/VyVOEVqQdZe4O/Ui5GjLIAZHYcSNPYeehu\nVsyuLAOQ1xk4meTKCRlb/weWsKh/NEnfVqn3sF/tM+2MR7cwA130A4w=\n-----END CERTIFICATE-----\n",
                "is_ca": true,
                "issuer": "OU=Starfield Class 2 Certification Authority,O=Starfield Technologies\\, Inc.,C=US",
                "not_after": "2034-06-28T17:39:16Z",
                "not_before": "2009-09-02T00:00:00Z",
                "public_key_algorithm": "RSA",
                "serial_number": "12037640545166866303",
                "sha1_fingerprint": "9e99a48a9960b14926bb7f3b02e22da2b0ab7280",
                "signature_algorithm": "SHA256-RSA",
                "subject": "CN=Starfield Services Root Certificate Authority - G2,O=Starfield Technologies\\, Inc.,L=Scottsdale,ST=Arizona,C=US",
                "version": 3
              },
              {
                "cert_pem": "-----BEGIN CERTIFICATE-----\nMIIEkjCCA3qgAwIBAgITBn+USionzfP6wq4rAfkI7rnExjANBgkqhkiG9w0BAQsF\nADCBmDELMAkGA1UEBhMCVVMxEDAOBgNVBAgTB0FyaXpvbmExEzARBgNVBAcTClNj\nb3R0c2RhbGUxJTAjBgNVBAoTHFN0YXJmaWVsZCBUZWNobm9sb2dpZXMsIEluYy4x\nOzA5BgNVBAMTMlN0YXJmaWVsZCBTZXJ2aWNlcyBSb290IENlcnRpZmljYXRlIEF1\ndGhvcml0eSAtIEcyMB4XDTE1MDUyNTEyMDAwMFoXDTM3MTIzMTAxMDAwMFowOTEL\nMAkGA1UEBhMCVVMxDzANBgNVBAoTBkFtYXpvbjEZMBcGA1UEAxMQQW1hem9uIFJv\nb3QgQ0EgMTCCASIwDQYJKoZIhvcNAQEBBQADggEPADCCAQoCggEBALJ4gHHKeNXj\nca9HgFB0fW7Y14h29Jlo91ghYPl0hAEvrAIthtOgQ3pOsqTQNroBvo3bSMgHFzZM\n9O6II8c+6zf1tRn4SWiw3te5djgdYZ6k/oI2peVKVuRF4fn9tBb6dNqcmzU5L/qw\nIFAGbHrQgLKm+a/sRxmPUDgH3KKHOVj4utWp+UhnMJbulHheb4mjUcAwhmahRWa6\nVOujw5H5SNz/0egwLX0tdHA114gk957EWW67c4cX8jJGKLhD+rcdqsq08p8kDi1L\n93FcXmn/6pUCyziKrlA4b9v7LWIbxcceVOF34GfID5yHI9Y/QCB/IIDEgEw+OyQm\njgSubJrIqg0CAwEAAaOCATEwggEtMA8GA1UdEwEB/wQFMAMBAf8wDgYDVR0PAQH/\nBAQDAgGGMB0GA1UdDgQWBBSEGMyFNOy8DJSULghZnMeyEE4KCDAfBgNVHSMEGDAW\ngBScXwDfqgHXMCs4iKK4bUqc8hGRgzB4BggrBgEFBQcBAQRsMGowLgYIKwYBBQUH\nMAGGImh0dHA6Ly9vY3NwLnJvb3RnMi5hbWF6b250cnVzdC5jb20wOAYIKwYBBQUH\nMAKGLGh0dHA6Ly9jcnQucm9vdGcyLmFtYXpvbnRydXN0LmNvbS9yb290ZzIuY2Vy\nMD0GA1UdHwQ2MDQwMqAwoC6GLGh0dHA6Ly9jcmwucm9vdGcyLmFtYXpvbnRydXN0\nLmNvbS9yb290ZzIuY3JsMBEGA1UdIAQKMAgwBgYEVR0gADANBgkqhkiG9w0BAQsF\nAAOCAQEAYjdCXLwQtT6LLOkMm2xF4gcAevnFWAu5CIw+7bMlPLVvUOTNNWqnkzSW\nMiGpSESrnO09tKpzbeR/FoCJbM8oAxiDR3mjEH4wW6w7sGDgd9QIpuEdfF7Au/ma\neyKdpwAJfqxGF4PcnCZXmTA5YpaP7dreqsXMGz7KQ2hsVxa81Q4gLv7/wmpdLqBK\nbRRYh5TmOTFffHPLkIhqhBGWJ6bt2YFGpn6jcgAKUj6DiAdjd4lpFw85hdKrCEVN\n0FE6/V1dN2RMfjCyVSRCnTawXZwXgWHxyvkQAiSr6w10kY17RSlQOYiypok1JR4U\nakcjMS9cmvqtmg5iUaQqqcT5NJ0hGA==\n-----END CERTIFICATE-----\n",
                "is_ca": true,
                "issuer": "CN=Starfield Services Root Certificate Authority - G2,O=Starfield Technologies\\, Inc.,L=Scottsdale,ST=Arizona,C=US",
                "not_after": "2037-12-31T01:00:00Z",
                "not_before": "2015-05-25T12:00:00Z",
                "public_key_algorithm": "RSA",
                "serial_number": "144918191876577076464031512351042010504348870",
                "sha1_fingerprint": "06b25927c42a721631c1efd9431e648fa62e1e39",
                "signature_algorithm": "SHA256-RSA",
                "subject": "CN=Amazon Root CA 1,O=Amazon,C=US",
                "version": 3
              },
              {
                "cert_pem": "-----BEGIN CERTIFICATE-----\nMIIESTCCAzGgAwIBAgITBn+UV4WH6Kx33rJTMlu8mYtWDTANBgkqhkiG9w0BAQsF\nADA5MQswCQYDVQQGEwJVUzEPMA0GA1UEChMGQW1hem9uMRkwFwYDVQQDExBBbWF6\nb24gUm9vdCBDQSAxMB4XDTE1MTAyMjAwMDAwMFoXDTI1MTAxOTAwMDAwMFowRjEL\nMAkGA1UEBhMCVVMxDzANBgNVBAoTBkFtYXpvbjEVMBMGA1UECxMMU2VydmVyIENB\nIDFCMQ8wDQYDVQQDEwZBbWF6b24wggEiMA0GCSqGSIb3DQEBAQUAA4IBDwAwggEK\nAoIBAQDCThZn3c68asg3Wuw6MLAd5tES6BIoSMzoKcG5blPVo+sDORrMd4f2AbnZ\ncMzPa43j4wNxhplty6aUKk4T1qe9BOwKFjwK6zmxxLVYo7bHViXsPlJ6qOMpFge5\nblDP+18x+B26A0piiQOuPkfyDyeR4xQghfj66Yo19V+emU3nazfvpFA+ROz6WoVm\nB5x+F2pV8xeKNR7u6azDdU5YVX1TawprmxRC1+WsAYmz6qP+z8ArDITC2FMVy2fw\n0IjKOtEXc/VfmtTFch5+AfGYMGMqqvJ6LcXiAhqG5TI+Dr0RtM88k+8XUBCeQ8IG\nKuANaL7TiItKZYxK1MMuTJtV9IblAgMBAAGjggE7MIIBNzASBgNVHRMBAf8ECDAG\nAQH/AgEAMA4GA1UdDwEB/wQEAwIBhjAdBgNVHQ4EFgQUWaRmBlKge5WSPKOUByeW\ndFv5PdAwHwYDVR0jBBgwFoAUhBjMhTTsvAyUlC4IWZzHshBOCggwewYIKwYBBQUH\nAQEEbzBtMC8GCCsGAQUFBzABhiNodHRwOi8vb2NzcC5yb290Y2ExLmFtYXpvbnRy\ndXN0LmNvbTA6BggrBgEFBQcwAoYuaHR0cDovL2NydC5yb290Y2ExLmFtYXpvbnRy\ndXN0LmNvbS9yb290Y2ExLmNlcjA/BgNVHR8EODA2MDSgMqAwhi5odHRwOi8vY3Js\nLnJvb3RjYTEuYW1hem9udHJ1c3QuY29tL3Jvb3RjYTEuY3JsMBMGA1UdIAQMMAow\nCAYGZ4EMAQIBMA0GCSqGSIb3DQEBCwUAA4IBAQCFkr41u3nPo4FCHOTjY3NTOVI1\n59Gt/a6ZiqyJEi+752+a1U5y6iAwYfmXss2lJwJFqMp2PphKg5625kXg8kP2CN5t\n6G7bMQcT8C8xDZNtYTd7WPD8UZiRKAJPBXa30/AbwuZe0GaFEQ8ugcYQgSn+IGBI\n8/LwhBNTZTUVEWuCUUBVV18YtbAiPq3yXqMB48Oz+ctBWuZSkbvkNodPLamkB2g1\nupRyzQ7qDn1X8nn8N8V7YJ6y68AtkHcNSRAnpTitxBKjtKPISLMVCx7i4hncxHZS\nyLyKQXhw2W2Xs0qLeC1etA+jTGDK4UfLeC0SF7FSi8o5LL21L8IzApar2pR/\n-----END CERTIFICATE-----\n",
                "is_ca": true,
                "issuer": "CN=Amazon Root CA 1,O=Amazon,C=US",
                "not_after": "2025-10-19T00:00:00Z",
                "not_before": "2015-10-22T00:00:00Z",
                "public_key_algorithm": "RSA",
                "serial_number": "144918209630989264145272943054026349679957517",
                "sha1_fingerprint": "917e732d330f9a12404f73d8bea36948b929dffc",
                "signature_algorithm": "SHA256-RSA",
                "subject": "CN=Amazon,OU=Server CA 1B,O=Amazon,C=US",
                "version": 3
              },
              {
                "cert_pem": "-----BEGIN CERTIFICATE-----\nMIIGBDCCBOygAwIBAgIQBGv5IFqT60LEBS9IhEIExjANBgkqhkiG9w0BAQsFADBG\nMQswCQYDVQQGEwJVUzEPMA0GA1UEChMGQW1hem9uMRUwEwYDVQQLEwxTZXJ2ZXIg\nQ0EgMUIxDzANBgNVBAMTBkFtYXpvbjAeFw0yMjA1MTQwMDAwMDBaFw0yMzA2MTIy\nMzU5NTlaMDAxLjAsBgNVBAMTJW9pZGMuZWtzLmFwLW5vcnRoZWFzdC0xLmFtYXpv\nbmF3cy5jb20wggEiMA0GCSqGSIb3DQEBAQUAA4IBDwAwggEKAoIBAQDeMvIFM07o\n0sOwUp8ZC7tPcKM7YQKRLA8DEEGXHMYWFOeXvYM3ZZhzXAGiW3iYWPg4VoCM8SBl\nIJbZMeky7C65FGDvvNceJhu6pZ6qzIUUGKdJLmorh+frVRUZoK51ZcHFvqXAfgTs\nrl0fTa6lOTVH/5aXp2w+LHhqWUwxpHArjm6+YX78C1nNfBKMo0Kd3Bdpt5wZXkrx\n1fxgyOQGfzcVfR60fApKdOmZXciQcHHVfqVoRuKlosbT8OH5q0ZUS6VityeJUPtn\nlF3klO/ylxDrPieZjL+ZRyeOeLRRxV/YEt75c38TjYctKdbTMXEhSR1HoqzHgOos\n+5yOE9GpQpExAgMBAAGjggMCMIIC/jAfBgNVHSMEGDAWgBRZpGYGUqB7lZI8o5QH\nJ5Z0W/k90DAdBgNVHQ4EFgQUBfXYtUOr0OI7UtAtJITV/l4auVswMAYDVR0RBCkw\nJ4Ilb2lkYy5la3MuYXAtbm9ydGhlYXN0LTEuYW1hem9uYXdzLmNvbTAOBgNVHQ8B\nAf8EBAMCBaAwHQYDVR0lBBYwFAYIKwYBBQUHAwEGCCsGAQUFBwMCMD0GA1UdHwQ2\nMDQwMqAwoC6GLGh0dHA6Ly9jcmwuc2NhMWIuYW1hem9udHJ1c3QuY29tL3NjYTFi\nLTEuY3JsMBMGA1UdIAQMMAowCAYGZ4EMAQIBMHUGCCsGAQUFBwEBBGkwZzAtBggr\nBgEFBQcwAYYhaHR0cDovL29jc3Auc2NhMWIuYW1hem9udHJ1c3QuY29tMDYGCCsG\nAQUFBzAChipodHRwOi8vY3J0LnNjYTFiLmFtYXpvbnRydXN0LmNvbS9zY2ExYi5j\ncnQwDAYDVR0TAQH/BAIwADCCAYAGCisGAQQB1nkCBAIEggFwBIIBbAFqAHcA6D7Q\n2j71BjUy51covIlryQPTy9ERa+zraeF3fW0GvW4AAAGAv/jB0gAABAMASDBGAiEA\n/Q3Aw7RZYqiZZqKVWeW0Fjqac/GnSL11NGX96GiEeRMCIQCGRE4r8Khm9Evw4y3X\nCWTiYr1GAPaGUteJHlR5cfo5dwB3ADXPGRu/sWxXvw+tTG1Cy7u2JyAmUeo/4Srv\nqAPDO9ZMAAABgL/4wgkAAAQDAEgwRgIhALo3+Dyt0NX9+kZahco8Hfd/veOh8esR\nAIGdwrNxljpgAiEAiOX0BBoYHZT/IThwbBUCh/pg6o+JJ2fh7FX2xBZssekAdgC3\nPvsk35xNunXyOcW6WPRsXfxCz3qfNcSeHQmBJe20mQAAAYC/+MIHAAAEAwBHMEUC\nIQDAxjz29n5WBTz0aqaXZ+XBoAlhwtJzXfNZPQvSvKsWRwIgCX7wt/AKZ6eQ569L\n2GznNIST6+1K3Iib1uxaG7CD6j8wDQYJKoZIhvcNAQELBQADggEBAJux+UIR9BSy\no/qqc+v1sNcOG82Y/WPz9q1plBPa4f2kbPItvyChPSZf96d6OxacRw51BxyFNs2s\nw/J+oObslAQWBinBWYEi3bnSZX+7XoQ2FB0Cxe2Pev9vbVTcIsIJi/NutmCxdnV0\n6ss05YHU62PO2BnimWyPCgrDj5hRS7hs9r2a0QoNOVthfUdHd04tV9FRCnXgoKBD\nkPhRWXa/PVBRB/pdS6tUPMvWTIzq8+ViptQHRAUhxns9DoZf1OUQUxSI9M1tEkN/\nf1ZHBElLrIyD/rmYY+nTCufKRdhoJ2ZZDBfWwHIYPuAq05+zOpE17p5jJlbnCcYr\nYnMvJjQDP1c=\n-----END CERTIFICATE-----\n",
                "is_ca": false,
                "issuer": "CN=Amazon,OU=Server CA 1B,O=Amazon,C=US",
                "not_after": "2023-06-12T23:59:59Z",
                "not_before": "2022-05-14T00:00:00Z",
                "public_key_algorithm": "RSA",
                "serial_number": "5877540630327873737400094907512784070",
                "sha1_fingerprint": "27634754944a0b9a29d4b190ce1408c1a62465cf",
                "signature_algorithm": "SHA256-RSA",
                "subject": "CN=oidc.eks.ap-northeast-1.amazonaws.com",
                "version": 3
              }
            ],
            "content": null,
            "id": "5d01c3b130bb4a02d95efabcb457fb6ad9b7bb8c",
            "url": "https://oidc.eks.ap-northeast-1.amazonaws.com/id/6F963EBC3CE47AE6C4D0108DC0479854",
            "verify_chain": true
          },
          "sensitive_attributes": []
        }
      ]
    },
    {
      "module": "module.eks",
      "mode": "managed",
      "type": "aws_cloudwatch_log_group",
      "name": "this",
      "provider": "provider[\"registry.terraform.io/hashicorp/aws\"]",
      "instances": [
        {
          "index_key": 0,
          "schema_version": 0,
          "attributes": {
            "arn": "arn:aws:logs:ap-northeast-1:699483428372:log-group:/aws/eks/my-eks/cluster",
            "id": "/aws/eks/my-eks/cluster",
            "kms_key_id": "",
            "name": "/aws/eks/my-eks/cluster",
            "name_prefix": "",
            "retention_in_days": 90,
            "skip_destroy": false,
            "tags": null,
            "tags_all": {}
          },
          "sensitive_attributes": [],
          "private": "bnVsbA=="
        }
      ]
    },
    {
      "module": "module.eks",
      "mode": "managed",
      "type": "aws_eks_cluster",
      "name": "this",
      "provider": "provider[\"registry.terraform.io/hashicorp/aws\"]",
      "instances": [
        {
          "index_key": 0,
          "schema_version": 0,
          "attributes": {
            "arn": "arn:aws:eks:ap-northeast-1:699483428372:cluster/my-eks",
            "certificate_authority": [
              {
                "data": "LS0tLS1CRUdJTiBDRVJUSUZJQ0FURS0tLS0tCk1JSUM1ekNDQWMrZ0F3SUJBZ0lCQURBTkJna3Foa2lHOXcwQkFRc0ZBREFWTVJNd0VRWURWUVFERXdwcmRXSmwKY201bGRHVnpNQjRYRFRJeU1USXdNakEyTXpjd00xb1hEVE15TVRFeU9UQTJNemN3TTFvd0ZURVRNQkVHQTFVRQpBeE1LYTNWaVpYSnVaWFJsY3pDQ0FTSXdEUVlKS29aSWh2Y05BUUVCQlFBRGdnRVBBRENDQVFvQ2dnRUJBTUdQCkpucTJIMy90VDhlZWtRN3d3eUh3Z2ttUXVLQjlUWVZwZWRKUGVEVDl2UzhDZ0JpQWV0NUw3Ny81ZjM0ZlBQWDcKclR5Q041aXRnV3pkR1oyYTJhNTdqRFFLK0MrZ0NGRkl6akJ6eDlSeGdCcWJZVXprZnZrMnJKOTVDKzdxc2N2WgpmYmdaaW5HUHNtRHBWTTBWVnNTbjVYeDAreS8yZjdiZjh4WlRZNUJ0a1lhUFIxV0ppMUVLSUUwVjVHamlOY3MxCkx5NGdOMzFuRmY3TXZKOWFqS09yUklOZW1RdnlWQTg0aldQUU1jeVVBM0J1dHR2K0R4OXp3SUtLbStVTGNvc2kKWXhIWjk0NmZPd3F5Q29iTXMyNmRIRXZYNTIzQlcyUnQ1anl5R1AyVmducDVUdkNocHpMR0xwNWx5aHJ6SVZuWgo2N1VlUk9xMjduM2J5TWNSdHNVQ0F3RUFBYU5DTUVBd0RnWURWUjBQQVFIL0JBUURBZ0trTUE4R0ExVWRFd0VCCi93UUZNQU1CQWY4d0hRWURWUjBPQkJZRUZCZ3hjODU3T1k0NHd5SFRia1RzV3hkM29Sb2dNQTBHQ1NxR1NJYjMKRFFFQkN3VUFBNElCQVFDTDl0ak1GTXZONEZJcU5nM1JQcDEvQTcvV01pcUVKVy8yaWVYNGthcVRndjJrMmxIRgp0MU5uQmhjZUVlY3U2dWhlNDRYOWJwVUd3ajdUWndMbzUzZm9uVmE5MHFPU2pUd2UrcmZ2dy9oVDFmSVRsdW4rCktsa1J5OUpWTFpEeFc2cExKSWFQdlltWldhMTNYVkk1c2UycWM5MDF1QVg1WUpuYjJRbWNTNnZ1UU50U0tuTGcKWktDR0xyZjZmR2E2VFYzRm5vQ0h0dWdFZklLcEFBcUlVeE1vZ09QalZhY1p6MXhZQVhGVU16V1NseHVkZmRnYgpuZ0pEdmJ5cWxkK2o1cWlxdUtNMEt6eS9UMG9lODdhZGJ5OXhjcHh4SEZaekV0dFNjRDJRbVluUmw0OTZqL3doCjBqckFCVFUvT0hod0hqK01vakVKQ29JN0E3eTJEYStkYmJFSgotLS0tLUVORCBDRVJUSUZJQ0FURS0tLS0tCg=="
              }
            ],
            "created_at": "2022-12-02 06:31:50.136 +0000 UTC",
            "enabled_cluster_log_types": [
              "api",
              "audit",
              "authenticator"
            ],
            "encryption_config": [],
            "endpoint": "https://6F963EBC3CE47AE6C4D0108DC0479854.yl4.ap-northeast-1.eks.amazonaws.com",
            "id": "my-eks",
            "identity": [
              {
                "oidc": [
                  {
                    "issuer": "https://oidc.eks.ap-northeast-1.amazonaws.com/id/6F963EBC3CE47AE6C4D0108DC0479854"
                  }
                ]
              }
            ],
            "kubernetes_network_config": [
              {
                "ip_family": "ipv4",
                "service_ipv4_cidr": "172.20.0.0/16",
                "service_ipv6_cidr": ""
              }
            ],
            "name": "my-eks",
            "outpost_config": [],
            "platform_version": "eks.14",
            "role_arn": "arn:aws:iam::699483428372:role/my-eks-cluster-20221202063127033500000003",
            "status": "ACTIVE",
            "tags": null,
            "tags_all": {},
            "timeouts": {
              "create": null,
              "delete": null,
              "update": null
            },
            "version": "1.21",
            "vpc_config": [
              {
                "cluster_security_group_id": "sg-0a3c0fca00f148cf0",
                "endpoint_private_access": false,
                "endpoint_public_access": true,
                "public_access_cidrs": [
                  "0.0.0.0/0"
                ],
                "security_group_ids": [
                  "sg-0e52467a1cef5a01b"
                ],
                "subnet_ids": [
                  "subnet-0a4d9c9ba55d3dea8",
                  "subnet-0f4b00003658318df"
                ],
                "vpc_id": "vpc-00fe0ec5b2f900d30"
              }
            ]
          },
          "sensitive_attributes": [],
          "private": "eyJlMmJmYjczMC1lY2FhLTExZTYtOGY4OC0zNDM2M2JjN2M0YzAiOnsiY3JlYXRlIjoxODAwMDAwMDAwMDAwLCJkZWxldGUiOjkwMDAwMDAwMDAwMCwidXBkYXRlIjozNjAwMDAwMDAwMDAwfX0=",
          "dependencies": [
            "aws_cloudformation_stack.network",
            "module.eks.aws_cloudwatch_log_group.this",
            "module.eks.aws_iam_role.this",
            "module.eks.aws_iam_role_policy_attachment.this",
            "module.eks.aws_security_group.cluster",
            "module.eks.aws_security_group.node",
            "module.eks.aws_security_group_rule.cluster",
            "module.eks.aws_security_group_rule.node",
            "module.eks.data.aws_iam_policy_document.assume_role_policy",
            "module.eks.data.aws_partition.current",
            "module.eks.module.kms.aws_kms_external_key.this",
            "module.eks.module.kms.aws_kms_key.this"
          ]
        }
      ]
    },
    {
      "module": "module.eks",
      "mode": "managed",
      "type": "aws_iam_openid_connect_provider",
      "name": "oidc_provider",
      "provider": "provider[\"registry.terraform.io/hashicorp/aws\"]",
      "instances": [
        {
          "index_key": 0,
          "schema_version": 0,
          "attributes": {
            "arn": "arn:aws:iam::699483428372:oidc-provider/oidc.eks.ap-northeast-1.amazonaws.com/id/6F963EBC3CE47AE6C4D0108DC0479854",
            "client_id_list": [
              "sts.amazonaws.com"
            ],
            "id": "arn:aws:iam::699483428372:oidc-provider/oidc.eks.ap-northeast-1.amazonaws.com/id/6F963EBC3CE47AE6C4D0108DC0479854",
            "tags": {
              "Name": "my-eks-eks-irsa"
            },
            "tags_all": {
              "Name": "my-eks-eks-irsa"
            },
            "thumbprint_list": [
              "9e99a48a9960b14926bb7f3b02e22da2b0ab7280"
            ],
            "url": "oidc.eks.ap-northeast-1.amazonaws.com/id/6F963EBC3CE47AE6C4D0108DC0479854"
          },
          "sensitive_attributes": [],
          "private": "bnVsbA==",
          "dependencies": [
            "aws_cloudformation_stack.network",
            "module.eks.aws_cloudwatch_log_group.this",
            "module.eks.aws_eks_cluster.this",
            "module.eks.aws_iam_role.this",
            "module.eks.aws_iam_role_policy_attachment.this",
            "module.eks.aws_security_group.cluster",
            "module.eks.aws_security_group.node",
            "module.eks.aws_security_group_rule.cluster",
            "module.eks.aws_security_group_rule.node",
            "module.eks.data.aws_iam_policy_document.assume_role_policy",
            "module.eks.data.aws_partition.current",
            "module.eks.data.tls_certificate.this",
            "module.eks.module.kms.aws_kms_external_key.this",
            "module.eks.module.kms.aws_kms_key.this"
          ]
        }
      ]
    },
    {
      "module": "module.eks",
      "mode": "managed",
      "type": "aws_iam_role",
      "name": "this",
      "provider": "provider[\"registry.terraform.io/hashicorp/aws\"]",
      "instances": [
        {
          "index_key": 0,
          "schema_version": 0,
          "attributes": {
            "arn": "arn:aws:iam::699483428372:role/my-eks-cluster-20221202063127033500000003",
            "assume_role_policy": "{\"Statement\":[{\"Action\":\"sts:AssumeRole\",\"Effect\":\"Allow\",\"Principal\":{\"Service\":\"eks.amazonaws.com\"},\"Sid\":\"EKSClusterAssumeRole\"}],\"Version\":\"2012-10-17\"}",
            "create_date": "2022-12-02T06:31:27Z",
            "description": "",
            "force_detach_policies": true,
            "id": "my-eks-cluster-20221202063127033500000003",
            "inline_policy": [
              {
                "name": "my-eks-cluster",
                "policy": "{\"Statement\":[{\"Action\":[\"logs:CreateLogGroup\"],\"Effect\":\"Deny\",\"Resource\":\"arn:aws:logs:ap-northeast-1:699483428372:log-group:/aws/eks/my-eks/cluster\"}],\"Version\":\"2012-10-17\"}"
              }
            ],
            "managed_policy_arns": [],
            "max_session_duration": 3600,
            "name": "my-eks-cluster-20221202063127033500000003",
            "name_prefix": "my-eks-cluster-",
            "path": "/",
            "permissions_boundary": null,
            "tags": null,
            "tags_all": {},
            "unique_id": "AROA2FXDWCYKOZEBNTKNM"
          },
          "sensitive_attributes": [],
          "private": "bnVsbA==",
          "dependencies": [
            "module.eks.aws_cloudwatch_log_group.this",
            "module.eks.data.aws_iam_policy_document.assume_role_policy"
          ]
        }
      ]
    },
    {
      "module": "module.eks",
      "mode": "managed",
      "type": "aws_iam_role_policy_attachment",
      "name": "this",
      "provider": "provider[\"registry.terraform.io/hashicorp/aws\"]",
      "instances": [
        {
          "index_key": "arn:aws:iam::aws:policy/AmazonEKSClusterPolicy",
          "schema_version": 0,
          "attributes": {
            "id": "my-eks-cluster-20221202063127033500000003-2022120206313212040000000b",
            "policy_arn": "arn:aws:iam::aws:policy/AmazonEKSClusterPolicy",
            "role": "my-eks-cluster-20221202063127033500000003"
          },
          "sensitive_attributes": [],
          "private": "bnVsbA==",
          "dependencies": [
            "module.eks.aws_cloudwatch_log_group.this",
            "module.eks.aws_iam_role.this",
            "module.eks.data.aws_iam_policy_document.assume_role_policy",
            "module.eks.data.aws_partition.current"
          ]
        },
        {
          "index_key": "arn:aws:iam::aws:policy/AmazonEKSVPCResourceController",
          "schema_version": 0,
          "attributes": {
            "id": "my-eks-cluster-20221202063127033500000003-2022120206313188680000000a",
            "policy_arn": "arn:aws:iam::aws:policy/AmazonEKSVPCResourceController",
            "role": "my-eks-cluster-20221202063127033500000003"
          },
          "sensitive_attributes": [],
          "private": "bnVsbA==",
          "dependencies": [
            "module.eks.aws_cloudwatch_log_group.this",
            "module.eks.aws_iam_role.this",
            "module.eks.data.aws_iam_policy_document.assume_role_policy",
            "module.eks.data.aws_partition.current"
          ]
        }
      ]
    },
    {
      "module": "module.eks",
      "mode": "managed",
      "type": "aws_security_group",
      "name": "cluster",
      "provider": "provider[\"registry.terraform.io/hashicorp/aws\"]",
      "instances": [
        {
          "index_key": 0,
          "schema_version": 1,
          "attributes": {
            "arn": "arn:aws:ec2:ap-northeast-1:699483428372:security-group/sg-0e52467a1cef5a01b",
            "description": "EKS cluster security group",
            "egress": [],
            "id": "sg-0e52467a1cef5a01b",
            "ingress": [],
            "name": "my-eks-cluster-20221202063115924400000001",
            "name_prefix": "my-eks-cluster-",
            "owner_id": "699483428372",
            "revoke_rules_on_delete": false,
            "tags": {
              "Name": "my-eks-cluster"
            },
            "tags_all": {
              "Name": "my-eks-cluster"
            },
            "timeouts": null,
            "vpc_id": "vpc-00fe0ec5b2f900d30"
          },
          "sensitive_attributes": [],
          "private": "eyJlMmJmYjczMC1lY2FhLTExZTYtOGY4OC0zNDM2M2JjN2M0YzAiOnsiY3JlYXRlIjo2MDAwMDAwMDAwMDAsImRlbGV0ZSI6OTAwMDAwMDAwMDAwfSwic2NoZW1hX3ZlcnNpb24iOiIxIn0=",
          "dependencies": [
            "aws_cloudformation_stack.network"
          ],
          "create_before_destroy": true
        }
      ]
    },
    {
      "module": "module.eks",
      "mode": "managed",
      "type": "aws_security_group",
      "name": "node",
      "provider": "provider[\"registry.terraform.io/hashicorp/aws\"]",
      "instances": [
        {
          "index_key": 0,
          "schema_version": 1,
          "attributes": {
            "arn": "arn:aws:ec2:ap-northeast-1:699483428372:security-group/sg-015408e75b6426a84",
            "description": "EKS node shared security group",
            "egress": [],
            "id": "sg-015408e75b6426a84",
            "ingress": [],
            "name": "my-eks-node-20221202063115926100000002",
            "name_prefix": "my-eks-node-",
            "owner_id": "699483428372",
            "revoke_rules_on_delete": false,
            "tags": {
              "Name": "my-eks-node",
              "kubernetes.io/cluster/my-eks": "owned"
            },
            "tags_all": {
              "Name": "my-eks-node",
              "kubernetes.io/cluster/my-eks": "owned"
            },
            "timeouts": null,
            "vpc_id": "vpc-00fe0ec5b2f900d30"
          },
          "sensitive_attributes": [],
          "private": "eyJlMmJmYjczMC1lY2FhLTExZTYtOGY4OC0zNDM2M2JjN2M0YzAiOnsiY3JlYXRlIjo2MDAwMDAwMDAwMDAsImRlbGV0ZSI6OTAwMDAwMDAwMDAwfSwic2NoZW1hX3ZlcnNpb24iOiIxIn0=",
          "dependencies": [
            "aws_cloudformation_stack.network"
          ],
          "create_before_destroy": true
        }
      ]
    },
    {
      "module": "module.eks",
      "mode": "managed",
      "type": "aws_security_group_rule",
      "name": "cluster",
      "provider": "provider[\"registry.terraform.io/hashicorp/aws\"]",
      "instances": [
        {
          "index_key": "egress_nodes_443",
          "schema_version": 2,
          "attributes": {
            "cidr_blocks": null,
            "description": "Cluster API to node groups",
            "from_port": 443,
            "id": "sgrule-4125885494",
            "ipv6_cidr_blocks": null,
            "prefix_list_ids": [],
            "protocol": "tcp",
            "security_group_id": "sg-0e52467a1cef5a01b",
            "security_group_rule_id": "sgr-04350f0852d8433d9",
            "self": false,
            "source_security_group_id": "sg-015408e75b6426a84",
            "timeouts": null,
            "to_port": 443,
            "type": "egress"
          },
          "sensitive_attributes": [],
          "private": "eyJlMmJmYjczMC1lY2FhLTExZTYtOGY4OC0zNDM2M2JjN2M0YzAiOnsiY3JlYXRlIjozMDAwMDAwMDAwMDB9LCJzY2hlbWFfdmVyc2lvbiI6IjIifQ==",
          "dependencies": [
            "aws_cloudformation_stack.network",
            "module.eks.aws_security_group.cluster",
            "module.eks.aws_security_group.node"
          ]
        },
        {
          "index_key": "egress_nodes_kubelet",
          "schema_version": 2,
          "attributes": {
            "cidr_blocks": null,
            "description": "Cluster API to node kubelets",
            "from_port": 10250,
            "id": "sgrule-3369754466",
            "ipv6_cidr_blocks": null,
            "prefix_list_ids": [],
            "protocol": "tcp",
            "security_group_id": "sg-0e52467a1cef5a01b",
            "security_group_rule_id": "sgr-068eebfad661afbac",
            "self": false,
            "source_security_group_id": "sg-015408e75b6426a84",
            "timeouts": null,
            "to_port": 10250,
            "type": "egress"
          },
          "sensitive_attributes": [],
          "private": "eyJlMmJmYjczMC1lY2FhLTExZTYtOGY4OC0zNDM2M2JjN2M0YzAiOnsiY3JlYXRlIjozMDAwMDAwMDAwMDB9LCJzY2hlbWFfdmVyc2lvbiI6IjIifQ==",
          "dependencies": [
            "aws_cloudformation_stack.network",
            "module.eks.aws_security_group.cluster",
            "module.eks.aws_security_group.node"
          ]
        },
        {
          "index_key": "ingress_nodes_443",
          "schema_version": 2,
          "attributes": {
            "cidr_blocks": null,
            "description": "Node groups to cluster API",
            "from_port": 443,
            "id": "sgrule-3367723359",
            "ipv6_cidr_blocks": null,
            "prefix_list_ids": [],
            "protocol": "tcp",
            "security_group_id": "sg-0e52467a1cef5a01b",
            "security_group_rule_id": "sgr-08a71f0b9e648399b",
            "self": false,
            "source_security_group_id": "sg-015408e75b6426a84",
            "timeouts": null,
            "to_port": 443,
            "type": "ingress"
          },
          "sensitive_attributes": [],
          "private": "eyJlMmJmYjczMC1lY2FhLTExZTYtOGY4OC0zNDM2M2JjN2M0YzAiOnsiY3JlYXRlIjozMDAwMDAwMDAwMDB9LCJzY2hlbWFfdmVyc2lvbiI6IjIifQ==",
          "dependencies": [
            "aws_cloudformation_stack.network",
            "module.eks.aws_security_group.cluster",
            "module.eks.aws_security_group.node"
          ]
        }
      ]
    },
    {
      "module": "module.eks",
      "mode": "managed",
      "type": "aws_security_group_rule",
      "name": "node",
      "provider": "provider[\"registry.terraform.io/hashicorp/aws\"]",
      "instances": [
        {
          "index_key": "egress_cluster_443",
          "schema_version": 2,
          "attributes": {
            "cidr_blocks": null,
            "description": "Node groups to cluster API",
            "from_port": 443,
            "id": "sgrule-3941989384",
            "ipv6_cidr_blocks": null,
            "prefix_list_ids": [],
            "protocol": "tcp",
            "security_group_id": "sg-015408e75b6426a84",
            "security_group_rule_id": "sgr-038b8a3bd890757f1",
            "self": false,
            "source_security_group_id": "sg-0e52467a1cef5a01b",
            "timeouts": null,
            "to_port": 443,
            "type": "egress"
          },
          "sensitive_attributes": [],
          "private": "eyJlMmJmYjczMC1lY2FhLTExZTYtOGY4OC0zNDM2M2JjN2M0YzAiOnsiY3JlYXRlIjozMDAwMDAwMDAwMDB9LCJzY2hlbWFfdmVyc2lvbiI6IjIifQ==",
          "dependencies": [
            "aws_cloudformation_stack.network",
            "module.eks.aws_security_group.cluster",
            "module.eks.aws_security_group.node"
          ]
        },
        {
          "index_key": "egress_https",
          "schema_version": 2,
          "attributes": {
            "cidr_blocks": [
              "0.0.0.0/0"
            ],
            "description": "Egress all HTTPS to internet",
            "from_port": 443,
            "id": "sgrule-2191748157",
            "ipv6_cidr_blocks": null,
            "prefix_list_ids": [],
            "protocol": "tcp",
            "security_group_id": "sg-015408e75b6426a84",
            "security_group_rule_id": "sgr-0bbb3dbdbec4f9038",
            "self": false,
            "source_security_group_id": null,
            "timeouts": null,
            "to_port": 443,
            "type": "egress"
          },
          "sensitive_attributes": [],
          "private": "eyJlMmJmYjczMC1lY2FhLTExZTYtOGY4OC0zNDM2M2JjN2M0YzAiOnsiY3JlYXRlIjozMDAwMDAwMDAwMDB9LCJzY2hlbWFfdmVyc2lvbiI6IjIifQ==",
          "dependencies": [
            "aws_cloudformation_stack.network",
            "module.eks.aws_security_group.cluster",
            "module.eks.aws_security_group.node"
          ]
        },
        {
          "index_key": "egress_ntp_tcp",
          "schema_version": 2,
          "attributes": {
            "cidr_blocks": [
              "0.0.0.0/0"
            ],
            "description": "Egress NTP/TCP to internet",
            "from_port": 123,
            "id": "sgrule-1568493859",
            "ipv6_cidr_blocks": null,
            "prefix_list_ids": [],
            "protocol": "tcp",
            "security_group_id": "sg-015408e75b6426a84",
            "security_group_rule_id": "sgr-0c03161e589b7e92e",
            "self": false,
            "source_security_group_id": null,
            "timeouts": null,
            "to_port": 123,
            "type": "egress"
          },
          "sensitive_attributes": [],
          "private": "eyJlMmJmYjczMC1lY2FhLTExZTYtOGY4OC0zNDM2M2JjN2M0YzAiOnsiY3JlYXRlIjozMDAwMDAwMDAwMDB9LCJzY2hlbWFfdmVyc2lvbiI6IjIifQ==",
          "dependencies": [
            "aws_cloudformation_stack.network",
            "module.eks.aws_security_group.cluster",
            "module.eks.aws_security_group.node"
          ]
        },
        {
          "index_key": "egress_ntp_udp",
          "schema_version": 2,
          "attributes": {
            "cidr_blocks": [
              "0.0.0.0/0"
            ],
            "description": "Egress NTP/UDP to internet",
            "from_port": 123,
            "id": "sgrule-602108974",
            "ipv6_cidr_blocks": null,
            "prefix_list_ids": [],
            "protocol": "udp",
            "security_group_id": "sg-015408e75b6426a84",
            "security_group_rule_id": "sgr-0d7fab35c1af56f1e",
            "self": false,
            "source_security_group_id": null,
            "timeouts": null,
            "to_port": 123,
            "type": "egress"
          },
          "sensitive_attributes": [],
          "private": "eyJlMmJmYjczMC1lY2FhLTExZTYtOGY4OC0zNDM2M2JjN2M0YzAiOnsiY3JlYXRlIjozMDAwMDAwMDAwMDB9LCJzY2hlbWFfdmVyc2lvbiI6IjIifQ==",
          "dependencies": [
            "aws_cloudformation_stack.network",
            "module.eks.aws_security_group.cluster",
            "module.eks.aws_security_group.node"
          ]
        },
        {
          "index_key": "egress_self_coredns_tcp",
          "schema_version": 2,
          "attributes": {
            "cidr_blocks": null,
            "description": "Node to node CoreDNS",
            "from_port": 53,
            "id": "sgrule-2777023103",
            "ipv6_cidr_blocks": null,
            "prefix_list_ids": [],
            "protocol": "tcp",
            "security_group_id": "sg-015408e75b6426a84",
            "security_group_rule_id": "sgr-0e51dcc7813f89382",
            "self": true,
            "source_security_group_id": null,
            "timeouts": null,
            "to_port": 53,
            "type": "egress"
          },
          "sensitive_attributes": [],
          "private": "eyJlMmJmYjczMC1lY2FhLTExZTYtOGY4OC0zNDM2M2JjN2M0YzAiOnsiY3JlYXRlIjozMDAwMDAwMDAwMDB9LCJzY2hlbWFfdmVyc2lvbiI6IjIifQ==",
          "dependencies": [
            "aws_cloudformation_stack.network",
            "module.eks.aws_security_group.cluster",
            "module.eks.aws_security_group.node"
          ]
        },
        {
          "index_key": "egress_self_coredns_udp",
          "schema_version": 2,
          "attributes": {
            "cidr_blocks": null,
            "description": "Node to node CoreDNS",
            "from_port": 53,
            "id": "sgrule-736198681",
            "ipv6_cidr_blocks": null,
            "prefix_list_ids": [],
            "protocol": "udp",
            "security_group_id": "sg-015408e75b6426a84",
            "security_group_rule_id": "sgr-0eb26c4c57a2de964",
            "self": true,
            "source_security_group_id": null,
            "timeouts": null,
            "to_port": 53,
            "type": "egress"
          },
          "sensitive_attributes": [],
          "private": "eyJlMmJmYjczMC1lY2FhLTExZTYtOGY4OC0zNDM2M2JjN2M0YzAiOnsiY3JlYXRlIjozMDAwMDAwMDAwMDB9LCJzY2hlbWFfdmVyc2lvbiI6IjIifQ==",
          "dependencies": [
            "aws_cloudformation_stack.network",
            "module.eks.aws_security_group.cluster",
            "module.eks.aws_security_group.node"
          ]
        },
        {
          "index_key": "ingress_cluster_443",
          "schema_version": 2,
          "attributes": {
            "cidr_blocks": null,
            "description": "Cluster API to node groups",
            "from_port": 443,
            "id": "sgrule-3141963770",
            "ipv6_cidr_blocks": null,
            "prefix_list_ids": [],
            "protocol": "tcp",
            "security_group_id": "sg-015408e75b6426a84",
            "security_group_rule_id": "sgr-01432b30e779937e1",
            "self": false,
            "source_security_group_id": "sg-0e52467a1cef5a01b",
            "timeouts": null,
            "to_port": 443,
            "type": "ingress"
          },
          "sensitive_attributes": [],
          "private": "eyJlMmJmYjczMC1lY2FhLTExZTYtOGY4OC0zNDM2M2JjN2M0YzAiOnsiY3JlYXRlIjozMDAwMDAwMDAwMDB9LCJzY2hlbWFfdmVyc2lvbiI6IjIifQ==",
          "dependencies": [
            "aws_cloudformation_stack.network",
            "module.eks.aws_security_group.cluster",
            "module.eks.aws_security_group.node"
          ]
        },
        {
          "index_key": "ingress_cluster_kubelet",
          "schema_version": 2,
          "attributes": {
            "cidr_blocks": null,
            "description": "Cluster API to node kubelets",
            "from_port": 10250,
            "id": "sgrule-2431151813",
            "ipv6_cidr_blocks": null,
            "prefix_list_ids": [],
            "protocol": "tcp",
            "security_group_id": "sg-015408e75b6426a84",
            "security_group_rule_id": "sgr-06323567f4a148e11",
            "self": false,
            "source_security_group_id": "sg-0e52467a1cef5a01b",
            "timeouts": null,
            "to_port": 10250,
            "type": "ingress"
          },
          "sensitive_attributes": [],
          "private": "eyJlMmJmYjczMC1lY2FhLTExZTYtOGY4OC0zNDM2M2JjN2M0YzAiOnsiY3JlYXRlIjozMDAwMDAwMDAwMDB9LCJzY2hlbWFfdmVyc2lvbiI6IjIifQ==",
          "dependencies": [
            "aws_cloudformation_stack.network",
            "module.eks.aws_security_group.cluster",
            "module.eks.aws_security_group.node"
          ]
        },
        {
          "index_key": "ingress_self_coredns_tcp",
          "schema_version": 2,
          "attributes": {
            "cidr_blocks": null,
            "description": "Node to node CoreDNS",
            "from_port": 53,
            "id": "sgrule-3354129005",
            "ipv6_cidr_blocks": null,
            "prefix_list_ids": [],
            "protocol": "tcp",
            "security_group_id": "sg-015408e75b6426a84",
            "security_group_rule_id": "sgr-0de8ce15c13acfe91",
            "self": true,
            "source_security_group_id": null,
            "timeouts": null,
            "to_port": 53,
            "type": "ingress"
          },
          "sensitive_attributes": [],
          "private": "eyJlMmJmYjczMC1lY2FhLTExZTYtOGY4OC0zNDM2M2JjN2M0YzAiOnsiY3JlYXRlIjozMDAwMDAwMDAwMDB9LCJzY2hlbWFfdmVyc2lvbiI6IjIifQ==",
          "dependencies": [
            "aws_cloudformation_stack.network",
            "module.eks.aws_security_group.cluster",
            "module.eks.aws_security_group.node"
          ]
        },
        {
          "index_key": "ingress_self_coredns_udp",
          "schema_version": 2,
          "attributes": {
            "cidr_blocks": null,
            "description": "Node to node CoreDNS",
            "from_port": 53,
            "id": "sgrule-1672761730",
            "ipv6_cidr_blocks": null,
            "prefix_list_ids": [],
            "protocol": "udp",
            "security_group_id": "sg-015408e75b6426a84",
            "security_group_rule_id": "sgr-0d77d73438f39991a",
            "self": true,
            "source_security_group_id": null,
            "timeouts": null,
            "to_port": 53,
            "type": "ingress"
          },
          "sensitive_attributes": [],
          "private": "eyJlMmJmYjczMC1lY2FhLTExZTYtOGY4OC0zNDM2M2JjN2M0YzAiOnsiY3JlYXRlIjozMDAwMDAwMDAwMDB9LCJzY2hlbWFfdmVyc2lvbiI6IjIifQ==",
          "dependencies": [
            "aws_cloudformation_stack.network",
            "module.eks.aws_security_group.cluster",
            "module.eks.aws_security_group.node"
          ]
        }
      ]
    },
    {
      "module": "module.eks.module.kms",
      "mode": "data",
      "type": "aws_caller_identity",
      "name": "current",
      "provider": "provider[\"registry.terraform.io/hashicorp/aws\"]",
      "instances": [
        {
          "schema_version": 0,
          "attributes": {
            "account_id": "699483428372",
            "arn": "arn:aws:iam::699483428372:root",
            "id": "699483428372",
            "user_id": "699483428372"
          },
          "sensitive_attributes": []
        }
      ]
    },
    {
      "module": "module.eks.module.kms",
      "mode": "data",
      "type": "aws_partition",
      "name": "current",
      "provider": "provider[\"registry.terraform.io/hashicorp/aws\"]",
      "instances": [
        {
          "schema_version": 0,
          "attributes": {
            "dns_suffix": "amazonaws.com",
            "id": "aws",
            "partition": "aws",
            "reverse_dns_prefix": "com.amazonaws"
          },
          "sensitive_attributes": []
        }
      ]
    }
  ],
  "check_results": null
}
